
Microsoft Visual Studio Solution File, Format Version 12.00
# Visual Studio Version 17
VisualStudioVersion = 17.5.33516.290
MinimumVisualStudioVersion = 10.0.40219.1
Project("{8BC9CEB8-8B4A-11D0-8D11-00A0C91BC942}") = "simpleProgramRunner", "simpleProgramRunner.vcxproj", "{E7D39F5F-1B64-4354-95CF-63FE195AFA9A}"
EndProject
Global
	GlobalSection(SolutionConfigurationPlatforms) = preSolution
		Debug|x64 = Debug|x64
		Debug|x86 = Debug|x86
		Release|x64 = Release|x64
		Release|x86 = Release|x86
	EndGlobalSection
	GlobalSection(ProjectConfigurationPlatforms) = postSolution
		{E7D39F5F-1B64-4354-95CF-63FE195AFA9A}.Debug|x64.ActiveCfg = Debug|x64
		{E7D39F5F-1B64-4354-95CF-63FE195AFA9A}.Debug|x64.Build.0 = Debug|x64
		{E7D39F5F-1B64-4354-95CF-63FE195AFA9A}.Debug|x86.ActiveCfg = Debug|Win32
		{E7D39F5F-1B64-4354-95CF-63FE195AFA9A}.Debug|x86.Build.0 = Debug|Win32
		{E7D39F5F-1B64-4354-95CF-63FE195AFA9A}.Release|x64.ActiveCfg = Release|x64
		{E7D39F5F-1B64-4354-95CF-63FE195AFA9A}.Release|x64.Build.0 = Release|x64
		{E7D39F5F-1B64-4354-95CF-63FE195AFA9A}.Release|x86.ActiveCfg = Release|Win32
		{E7D39F5F-1B64-4354-95CF-63FE195AFA9A}.Release|x86.Build.0 = Release|Win32
	EndGlobalSection
	GlobalSection(SolutionProperties) = preSolution
		HideSolutionNode = FALSE
	EndGlobalSection
	GlobalSection(ExtensibilityGlobals) = postSolution
		SolutionGuid = {A7E1C807-F259-44B3-8BA1-96B602A76510}
	EndGlobalSection
EndGlobal
